
Microsoft Visual Studio Solution File, Format Version 12.00
# Visual Studio 15
VisualStudioVersion = 15.0.28307.572
MinimumVisualStudioVersion = 10.0.40219.1
Project("{FAE04EC0-301F-11D3-BF4B-00C04F79EFBC}") = "HimaanApp.Android", "HimaanApp\HimaanApp.Android\HimaanApp.Android.csproj", "{9FF7FB7F-8B9C-4579-B121-CBA75B8D48FF}"
EndProject
Project("{FAE04EC0-301F-11D3-BF4B-00C04F79EFBC}") = "HimaanApp.iOS", "HimaanApp\HimaanApp.iOS\HimaanApp.iOS.csproj", "{79A920D9-B9D5-42CD-B105-BFB78FCE11A4}"
EndProject
Project("{FAE04EC0-301F-11D3-BF4B-00C04F79EFBC}") = "HimaanApp", "HimaanApp\HimaanApp\HimaanApp.csproj", "{C777BD03-AFF4-4937-8CFC-1B7CC75C213D}"
EndProject
Project("{FAE04EC0-301F-11D3-BF4B-00C04F79EFBC}") = "HimaanAppWebApi", "HimaanAppWebApi\HimaanAppWebApi.csproj", "{808C8BDB-C549-49C2-A754-D90E2001A418}"
EndProject
Global
	GlobalSection(SolutionConfigurationPlatforms) = preSolution
		Ad-Hoc|Any CPU = Ad-Hoc|Any CPU
		Ad-Hoc|iPhone = Ad-Hoc|iPhone
		Ad-Hoc|iPhoneSimulator = Ad-Hoc|iPhoneSimulator
		AppStore|Any CPU = AppStore|Any CPU
		AppStore|iPhone = AppStore|iPhone
		AppStore|iPhoneSimulator = AppStore|iPhoneSimulator
		Debug|Any CPU = Debug|Any CPU
		Debug|iPhone = Debug|iPhone
		Debug|iPhoneSimulator = Debug|iPhoneSimulator
		Release|Any CPU = Release|Any CPU
		Release|iPhone = Release|iPhone
		Release|iPhoneSimulator = Release|iPhoneSimulator
	EndGlobalSection
	GlobalSection(ProjectConfigurationPlatforms) = postSolution
		{9FF7FB7F-8B9C-4579-B121-CBA75B8D48FF}.Ad-Hoc|Any CPU.ActiveCfg = Release|Any CPU
		{9FF7FB7F-8B9C-4579-B121-CBA75B8D48FF}.Ad-Hoc|Any CPU.Build.0 = Release|Any CPU
		{9FF7FB7F-8B9C-4579-B121-CBA75B8D48FF}.Ad-Hoc|Any CPU.Deploy.0 = Release|Any CPU
		{9FF7FB7F-8B9C-4579-B121-CBA75B8D48FF}.Ad-Hoc|iPhone.ActiveCfg = Release|Any CPU
		{9FF7FB7F-8B9C-4579-B121-CBA75B8D48FF}.Ad-Hoc|iPhone.Build.0 = Release|Any CPU
		{9FF7FB7F-8B9C-4579-B121-CBA75B8D48FF}.Ad-Hoc|iPhone.Deploy.0 = Release|Any CPU
		{9FF7FB7F-8B9C-4579-B121-CBA75B8D48FF}.Ad-Hoc|iPhoneSimulator.ActiveCfg = Release|Any CPU
		{9FF7FB7F-8B9C-4579-B121-CBA75B8D48FF}.Ad-Hoc|iPhoneSimulator.Build.0 = Release|Any CPU
		{9FF7FB7F-8B9C-4579-B121-CBA75B8D48FF}.Ad-Hoc|iPhoneSimulator.Deploy.0 = Release|Any CPU
		{9FF7FB7F-8B9C-4579-B121-CBA75B8D48FF}.AppStore|Any CPU.ActiveCfg = Release|Any CPU
		{9FF7FB7F-8B9C-4579-B121-CBA75B8D48FF}.AppStore|Any CPU.Build.0 = Release|Any CPU
		{9FF7FB7F-8B9C-4579-B121-CBA75B8D48FF}.AppStore|Any CPU.Deploy.0 = Release|Any CPU
		{9FF7FB7F-8B9C-4579-B121-CBA75B8D48FF}.AppStore|iPhone.ActiveCfg = Release|Any CPU
		{9FF7FB7F-8B9C-4579-B121-CBA75B8D48FF}.AppStore|iPhone.Build.0 = Release|Any CPU
		{9FF7FB7F-8B9C-4579-B121-CBA75B8D48FF}.AppStore|iPhone.Deploy.0 = Release|Any CPU
		{9FF7FB7F-8B9C-4579-B121-CBA75B8D48FF}.AppStore|iPhoneSimulator.ActiveCfg = Release|Any CPU
		{9FF7FB7F-8B9C-4579-B121-CBA75B8D48FF}.AppStore|iPhoneSimulator.Build.0 = Release|Any CPU
		{9FF7FB7F-8B9C-4579-B121-CBA75B8D48FF}.AppStore|iPhoneSimulator.Deploy.0 = Release|Any CPU
		{9FF7FB7F-8B9C-4579-B121-CBA75B8D48FF}.Debug|Any CPU.ActiveCfg = Debug|Any CPU
		{9FF7FB7F-8B9C-4579-B121-CBA75B8D48FF}.Debug|Any CPU.Build.0 = Debug|Any CPU
		{9FF7FB7F-8B9C-4579-B121-CBA75B8D48FF}.Debug|Any CPU.Deploy.0 = Debug|Any CPU
		{9FF7FB7F-8B9C-4579-B121-CBA75B8D48FF}.Debug|iPhone.ActiveCfg = Debug|Any CPU
		{9FF7FB7F-8B9C-4579-B121-CBA75B8D48FF}.Debug|iPhone.Build.0 = Debug|Any CPU
		{9FF7FB7F-8B9C-4579-B121-CBA75B8D48FF}.Debug|iPhone.Deploy.0 = Debug|Any CPU
		{9FF7FB7F-8B9C-4579-B121-CBA75B8D48FF}.Debug|iPhoneSimulator.ActiveCfg = Debug|Any CPU
		{9FF7FB7F-8B9C-4579-B121-CBA75B8D48FF}.Debug|iPhoneSimulator.Build.0 = Debug|Any CPU
		{9FF7FB7F-8B9C-4579-B121-CBA75B8D48FF}.Debug|iPhoneSimulator.Deploy.0 = Debug|Any CPU
		{9FF7FB7F-8B9C-4579-B121-CBA75B8D48FF}.Release|Any CPU.ActiveCfg = Release|Any CPU
		{9FF7FB7F-8B9C-4579-B121-CBA75B8D48FF}.Release|Any CPU.Build.0 = Release|Any CPU
		{9FF7FB7F-8B9C-4579-B121-CBA75B8D48FF}.Release|Any CPU.Deploy.0 = Release|Any CPU
		{9FF7FB7F-8B9C-4579-B121-CBA75B8D48FF}.Release|iPhone.ActiveCfg = Release|Any CPU
		{9FF7FB7F-8B9C-4579-B121-CBA75B8D48FF}.Release|iPhone.Build.0 = Release|Any CPU
		{9FF7FB7F-8B9C-4579-B121-CBA75B8D48FF}.Release|iPhone.Deploy.0 = Release|Any CPU
		{9FF7FB7F-8B9C-4579-B121-CBA75B8D48FF}.Release|iPhoneSimulator.ActiveCfg = Release|Any CPU
		{9FF7FB7F-8B9C-4579-B121-CBA75B8D48FF}.Release|iPhoneSimulator.Build.0 = Release|Any CPU
		{9FF7FB7F-8B9C-4579-B121-CBA75B8D48FF}.Release|iPhoneSimulator.Deploy.0 = Release|Any CPU
		{79A920D9-B9D5-42CD-B105-BFB78FCE11A4}.Ad-Hoc|Any CPU.ActiveCfg = Ad-Hoc|iPhone
		{79A920D9-B9D5-42CD-B105-BFB78FCE11A4}.Ad-Hoc|Any CPU.Build.0 = Ad-Hoc|iPhone
		{79A920D9-B9D5-42CD-B105-BFB78FCE11A4}.Ad-Hoc|Any CPU.Deploy.0 = Ad-Hoc|iPhone
		{79A920D9-B9D5-42CD-B105-BFB78FCE11A4}.Ad-Hoc|iPhone.ActiveCfg = Ad-Hoc|iPhone
		{79A920D9-B9D5-42CD-B105-BFB78FCE11A4}.Ad-Hoc|iPhone.Build.0 = Ad-Hoc|iPhone
		{79A920D9-B9D5-42CD-B105-BFB78FCE11A4}.Ad-Hoc|iPhone.Deploy.0 = Ad-Hoc|iPhone
		{79A920D9-B9D5-42CD-B105-BFB78FCE11A4}.Ad-Hoc|iPhoneSimulator.ActiveCfg = Ad-Hoc|iPhoneSimulator
		{79A920D9-B9D5-42CD-B105-BFB78FCE11A4}.Ad-Hoc|iPhoneSimulator.Build.0 = Ad-Hoc|iPhoneSimulator
		{79A920D9-B9D5-42CD-B105-BFB78FCE11A4}.Ad-Hoc|iPhoneSimulator.Deploy.0 = Ad-Hoc|iPhoneSimulator
		{79A920D9-B9D5-42CD-B105-BFB78FCE11A4}.AppStore|Any CPU.ActiveCfg = AppStore|iPhone
		{79A920D9-B9D5-42CD-B105-BFB78FCE11A4}.AppStore|Any CPU.Build.0 = AppStore|iPhone
		{79A920D9-B9D5-42CD-B105-BFB78FCE11A4}.AppStore|Any CPU.Deploy.0 = AppStore|iPhone
		{79A920D9-B9D5-42CD-B105-BFB78FCE11A4}.AppStore|iPhone.ActiveCfg = AppStore|iPhone
		{79A920D9-B9D5-42CD-B105-BFB78FCE11A4}.AppStore|iPhone.Build.0 = AppStore|iPhone
		{79A920D9-B9D5-42CD-B105-BFB78FCE11A4}.AppStore|iPhone.Deploy.0 = AppStore|iPhone
		{79A920D9-B9D5-42CD-B105-BFB78FCE11A4}.AppStore|iPhoneSimulator.ActiveCfg = AppStore|iPhoneSimulator
		{79A920D9-B9D5-42CD-B105-BFB78FCE11A4}.AppStore|iPhoneSimulator.Build.0 = AppStore|iPhoneSimulator
		{79A920D9-B9D5-42CD-B105-BFB78FCE11A4}.AppStore|iPhoneSimulator.Deploy.0 = AppStore|iPhoneSimulator
		{79A920D9-B9D5-42CD-B105-BFB78FCE11A4}.Debug|Any CPU.ActiveCfg = Debug|iPhoneSimulator
		{79A920D9-B9D5-42CD-B105-BFB78FCE11A4}.Debug|Any CPU.Build.0 = Debug|iPhoneSimulator
		{79A920D9-B9D5-42CD-B105-BFB78FCE11A4}.Debug|Any CPU.Deploy.0 = Debug|iPhoneSimulator
		{79A920D9-B9D5-42CD-B105-BFB78FCE11A4}.Debug|iPhone.ActiveCfg = Debug|iPhone
		{79A920D9-B9D5-42CD-B105-BFB78FCE11A4}.Debug|iPhone.Build.0 = Debug|iPhone
		{79A920D9-B9D5-42CD-B105-BFB78FCE11A4}.Debug|iPhone.Deploy.0 = Debug|iPhone
		{79A920D9-B9D5-42CD-B105-BFB78FCE11A4}.Debug|iPhoneSimulator.ActiveCfg = Debug|iPhoneSimulator
		{79A920D9-B9D5-42CD-B105-BFB78FCE11A4}.Debug|iPhoneSimulator.Build.0 = Debug|iPhoneSimulator
		{79A920D9-B9D5-42CD-B105-BFB78FCE11A4}.Debug|iPhoneSimulator.Deploy.0 = Debug|iPhoneSimulator
		{79A920D9-B9D5-42CD-B105-BFB78FCE11A4}.Release|Any CPU.ActiveCfg = Release|iPhone
		{79A920D9-B9D5-42CD-B105-BFB78FCE11A4}.Release|Any CPU.Build.0 = Release|iPhone
		{79A920D9-B9D5-42CD-B105-BFB78FCE11A4}.Release|Any CPU.Deploy.0 = Release|iPhone
		{79A920D9-B9D5-42CD-B105-BFB78FCE11A4}.Release|iPhone.ActiveCfg = Release|iPhone
		{79A920D9-B9D5-42CD-B105-BFB78FCE11A4}.Release|iPhone.Build.0 = Release|iPhone
		{79A920D9-B9D5-42CD-B105-BFB78FCE11A4}.Release|iPhone.Deploy.0 = Release|iPhone
		{79A920D9-B9D5-42CD-B105-BFB78FCE11A4}.Release|iPhoneSimulator.ActiveCfg = Release|iPhoneSimulator
		{79A920D9-B9D5-42CD-B105-BFB78FCE11A4}.Release|iPhoneSimulator.Build.0 = Release|iPhoneSimulator
		{79A920D9-B9D5-42CD-B105-BFB78FCE11A4}.Release|iPhoneSimulator.Deploy.0 = Release|iPhoneSimulator
		{C777BD03-AFF4-4937-8CFC-1B7CC75C213D}.Ad-Hoc|Any CPU.ActiveCfg = Debug|Any CPU
		{C777BD03-AFF4-4937-8CFC-1B7CC75C213D}.Ad-Hoc|Any CPU.Build.0 = Debug|Any CPU
		{C777BD03-AFF4-4937-8CFC-1B7CC75C213D}.Ad-Hoc|Any CPU.Deploy.0 = Debug|Any CPU
		{C777BD03-AFF4-4937-8CFC-1B7CC75C213D}.Ad-Hoc|iPhone.ActiveCfg = Debug|Any CPU
		{C777BD03-AFF4-4937-8CFC-1B7CC75C213D}.Ad-Hoc|iPhone.Build.0 = Debug|Any CPU
		{C777BD03-AFF4-4937-8CFC-1B7CC75C213D}.Ad-Hoc|iPhone.Deploy.0 = Debug|Any CPU
		{C777BD03-AFF4-4937-8CFC-1B7CC75C213D}.Ad-Hoc|iPhoneSimulator.ActiveCfg = Debug|Any CPU
		{C777BD03-AFF4-4937-8CFC-1B7CC75C213D}.Ad-Hoc|iPhoneSimulator.Build.0 = Debug|Any CPU
		{C777BD03-AFF4-4937-8CFC-1B7CC75C213D}.Ad-Hoc|iPhoneSimulator.Deploy.0 = Debug|Any CPU
		{C777BD03-AFF4-4937-8CFC-1B7CC75C213D}.AppStore|Any CPU.ActiveCfg = Debug|Any CPU
		{C777BD03-AFF4-4937-8CFC-1B7CC75C213D}.AppStore|Any CPU.Build.0 = Debug|Any CPU
		{C777BD03-AFF4-4937-8CFC-1B7CC75C213D}.AppStore|Any CPU.Deploy.0 = Debug|Any CPU
		{C777BD03-AFF4-4937-8CFC-1B7CC75C213D}.AppStore|iPhone.ActiveCfg = Debug|Any CPU
		{C777BD03-AFF4-4937-8CFC-1B7CC75C213D}.AppStore|iPhone.Build.0 = Debug|Any CPU
		{C777BD03-AFF4-4937-8CFC-1B7CC75C213D}.AppStore|iPhone.Deploy.0 = Debug|Any CPU
		{C777BD03-AFF4-4937-8CFC-1B7CC75C213D}.AppStore|iPhoneSimulator.ActiveCfg = Debug|Any CPU
		{C777BD03-AFF4-4937-8CFC-1B7CC75C213D}.AppStore|iPhoneSimulator.Build.0 = Debug|Any CPU
		{C777BD03-AFF4-4937-8CFC-1B7CC75C213D}.AppStore|iPhoneSimulator.Deploy.0 = Debug|Any CPU
		{C777BD03-AFF4-4937-8CFC-1B7CC75C213D}.Debug|Any CPU.ActiveCfg = Debug|Any CPU
		{C777BD03-AFF4-4937-8CFC-1B7CC75C213D}.Debug|Any CPU.Build.0 = Debug|Any CPU
		{C777BD03-AFF4-4937-8CFC-1B7CC75C213D}.Debug|Any CPU.Deploy.0 = Debug|Any CPU
		{C777BD03-AFF4-4937-8CFC-1B7CC75C213D}.Debug|iPhone.ActiveCfg = Debug|Any CPU
		{C777BD03-AFF4-4937-8CFC-1B7CC75C213D}.Debug|iPhone.Build.0 = Debug|Any CPU
		{C777BD03-AFF4-4937-8CFC-1B7CC75C213D}.Debug|iPhone.Deploy.0 = Debug|Any CPU
		{C777BD03-AFF4-4937-8CFC-1B7CC75C213D}.Debug|iPhoneSimulator.ActiveCfg = Debug|Any CPU
		{C777BD03-AFF4-4937-8CFC-1B7CC75C213D}.Debug|iPhoneSimulator.Build.0 = Debug|Any CPU
		{C777BD03-AFF4-4937-8CFC-1B7CC75C213D}.Debug|iPhoneSimulator.Deploy.0 = Debug|Any CPU
		{C777BD03-AFF4-4937-8CFC-1B7CC75C213D}.Release|Any CPU.ActiveCfg = Release|Any CPU
		{C777BD03-AFF4-4937-8CFC-1B7CC75C213D}.Release|Any CPU.Build.0 = Release|Any CPU
		{C777BD03-AFF4-4937-8CFC-1B7CC75C213D}.Release|Any CPU.Deploy.0 = Release|Any CPU
		{C777BD03-AFF4-4937-8CFC-1B7CC75C213D}.Release|iPhone.ActiveCfg = Release|Any CPU
		{C777BD03-AFF4-4937-8CFC-1B7CC75C213D}.Release|iPhone.Build.0 = Release|Any CPU
		{C777BD03-AFF4-4937-8CFC-1B7CC75C213D}.Release|iPhone.Deploy.0 = Release|Any CPU
		{C777BD03-AFF4-4937-8CFC-1B7CC75C213D}.Release|iPhoneSimulator.ActiveCfg = Release|Any CPU
		{C777BD03-AFF4-4937-8CFC-1B7CC75C213D}.Release|iPhoneSimulator.Build.0 = Release|Any CPU
		{C777BD03-AFF4-4937-8CFC-1B7CC75C213D}.Release|iPhoneSimulator.Deploy.0 = Release|Any CPU
		{808C8BDB-C549-49C2-A754-D90E2001A418}.Ad-Hoc|Any CPU.ActiveCfg = Debug|Any CPU
		{808C8BDB-C549-49C2-A754-D90E2001A418}.Ad-Hoc|Any CPU.Build.0 = Debug|Any CPU
		{808C8BDB-C549-49C2-A754-D90E2001A418}.Ad-Hoc|iPhone.ActiveCfg = Debug|Any CPU
		{808C8BDB-C549-49C2-A754-D90E2001A418}.Ad-Hoc|iPhone.Build.0 = Debug|Any CPU
		{808C8BDB-C549-49C2-A754-D90E2001A418}.Ad-Hoc|iPhoneSimulator.ActiveCfg = Debug|Any CPU
		{808C8BDB-C549-49C2-A754-D90E2001A418}.Ad-Hoc|iPhoneSimulator.Build.0 = Debug|Any CPU
		{808C8BDB-C549-49C2-A754-D90E2001A418}.AppStore|Any CPU.ActiveCfg = Debug|Any CPU
		{808C8BDB-C549-49C2-A754-D90E2001A418}.AppStore|Any CPU.Build.0 = Debug|Any CPU
		{808C8BDB-C549-49C2-A754-D90E2001A418}.AppStore|iPhone.ActiveCfg = Debug|Any CPU
		{808C8BDB-C549-49C2-A754-D90E2001A418}.AppStore|iPhone.Build.0 = Debug|Any CPU
		{808C8BDB-C549-49C2-A754-D90E2001A418}.AppStore|iPhoneSimulator.ActiveCfg = Debug|Any CPU
		{808C8BDB-C549-49C2-A754-D90E2001A418}.AppStore|iPhoneSimulator.Build.0 = Debug|Any CPU
		{808C8BDB-C549-49C2-A754-D90E2001A418}.Debug|Any CPU.ActiveCfg = Debug|Any CPU
		{808C8BDB-C549-49C2-A754-D90E2001A418}.Debug|Any CPU.Build.0 = Debug|Any CPU
		{808C8BDB-C549-49C2-A754-D90E2001A418}.Debug|iPhone.ActiveCfg = Debug|Any CPU
		{808C8BDB-C549-49C2-A754-D90E2001A418}.Debug|iPhone.Build.0 = Debug|Any CPU
		{808C8BDB-C549-49C2-A754-D90E2001A418}.Debug|iPhoneSimulator.ActiveCfg = Debug|Any CPU
		{808C8BDB-C549-49C2-A754-D90E2001A418}.Debug|iPhoneSimulator.Build.0 = Debug|Any CPU
		{808C8BDB-C549-49C2-A754-D90E2001A418}.Release|Any CPU.ActiveCfg = Release|Any CPU
		{808C8BDB-C549-49C2-A754-D90E2001A418}.Release|Any CPU.Build.0 = Release|Any CPU
		{808C8BDB-C549-49C2-A754-D90E2001A418}.Release|iPhone.ActiveCfg = Release|Any CPU
		{808C8BDB-C549-49C2-A754-D90E2001A418}.Release|iPhone.Build.0 = Release|Any CPU
		{808C8BDB-C549-49C2-A754-D90E2001A418}.Release|iPhoneSimulator.ActiveCfg = Release|Any CPU
		{808C8BDB-C549-49C2-A754-D90E2001A418}.Release|iPhoneSimulator.Build.0 = Release|Any CPU
	EndGlobalSection
	GlobalSection(SolutionProperties) = preSolution
		HideSolutionNode = FALSE
	EndGlobalSection
	GlobalSection(ExtensibilityGlobals) = postSolution
		SolutionGuid = {4D137369-6FDE-4CC1-9ACE-1155CACCCEDB}
	EndGlobalSection
EndGlobal
